// !$*UTF8*$!
{
	archiveVersion = 1;
	classes = {
	};
	objectVersion = 50;
	objects = {

/* Begin PBXBuildFile section */
		812BA1B621CE1F23007BFA9A /* main.c in Sources */ = {isa = PBXBuildFile; fileRef = 812BA1B521CE1F23007BFA9A /* main.c */; };
/* End PBXBuildFile section */

/* Begin PBXCopyFilesBuildPhase section */
		812BA1B021CE1F23007BFA9A /* CopyFiles */ = {
			isa = PBXCopyFilesBuildPhase;
			buildActionMask = 2147483647;
			dstPath = /usr/share/man/man1/;
			dstSubfolderSpec = 0;
			files = (
			);
			runOnlyForDeploymentPostprocessing = 1;
		};
/* End PBXCopyFilesBuildPhase section */

/* Begin PBXFileReference section */
		812BA1B221CE1F23007BFA9A /* AMCProject */ = {isa = PBXFileReference; explicitFileType = "compiled.mach-o.executable"; includeInIndex = 0; path = AMCProject; sourceTree = BUILT_PRODUCTS_DIR; };
		812BA1B521CE1F23007BFA9A /* main.c */ = {isa = PBXFileReference; lastKnownFileType = sourcecode.c.c; path = main.c; sourceTree = "<group>"; };
		812BA1BC21CE1F4D007BFA9A /* a_plus_b.h */ = {isa = PBXFileReference; lastKnownFileType = sourcecode.c.h; path = a_plus_b.h; sourceTree = "<group>"; };
		8140AAEE221C0071003AE749 /* crashing_ballon.h */ = {isa = PBXFileReference; lastKnownFileType = sourcecode.c.h; path = crashing_ballon.h; sourceTree = "<group>"; };
		815CA7C122154CDB0067D23D /* html.h */ = {isa = PBXFileReference; lastKnownFileType = sourcecode.c.h; path = html.h; sourceTree = "<group>"; };
		8163B2F322364413006A47FA /* gridland.h */ = {isa = PBXFileReference; lastKnownFileType = sourcecode.c.h; path = gridland.h; sourceTree = "<group>"; };
		8175BE132228DEDC00FB21FC /* numberical_summation.h */ = {isa = PBXFileReference; lastKnownFileType = sourcecode.c.h; path = numberical_summation.h; sourceTree = "<group>"; };
		8175BE1722293C5700FB21FC /* gnome_tetravex.h */ = {isa = PBXFileReference; lastKnownFileType = sourcecode.c.h; path = gnome_tetravex.h; sourceTree = "<group>"; };
		818C4D09223112DD0076E888 /* system_overload.h */ = {isa = PBXFileReference; lastKnownFileType = sourcecode.c.h; path = system_overload.h; sourceTree = "<group>"; };
		818C4D0A2231289B0076E888 /* trees_made_2_order.h */ = {isa = PBXFileReference; lastKnownFileType = sourcecode.c.h; path = trees_made_2_order.h; sourceTree = "<group>"; };
		818C4D0E223245220076E888 /* fire_net.h */ = {isa = PBXFileReference; lastKnownFileType = sourcecode.c.h; path = fire_net.h; sourceTree = "<group>"; };
		8194D73A22422F0200EF0EFC /* houseboat.h */ = {isa = PBXFileReference; lastKnownFileType = sourcecode.c.h; path = houseboat.h; sourceTree = "<group>"; };
		8194D73B22423FEC00EF0EFC /* hangover.h */ = {isa = PBXFileReference; lastKnownFileType = sourcecode.c.h; path = hangover.h; sourceTree = "<group>"; };
		8194D73C224246D200EF0EFC /* undercut.h */ = {isa = PBXFileReference; lastKnownFileType = sourcecode.c.h; path = undercut.h; sourceTree = "<group>"; };
		8194D7412243614400EF0EFC /* enigma.h */ = {isa = PBXFileReference; lastKnownFileType = sourcecode.c.h; path = enigma.h; sourceTree = "<group>"; };
		81BEFD5422253D6100C18FF9 /* anagrams_by_stack.h */ = {isa = PBXFileReference; lastKnownFileType = sourcecode.c.h; path = anagrams_by_stack.h; sourceTree = "<group>"; };
		81BEFD552225401200C18FF9 /* stack.h */ = {isa = PBXFileReference; lastKnownFileType = sourcecode.c.h; path = stack.h; sourceTree = "<group>"; };
		81C2605B225481C600365878 /* test.in */ = {isa = PBXFileReference; lastKnownFileType = text; path = test.in; sourceTree = "<group>"; };
		81C260642254ACD700365878 /* color_me_less.h */ = {isa = PBXFileReference; lastKnownFileType = sourcecode.c.h; path = color_me_less.h; sourceTree = "<group>"; };
		81C2606B2254C40900365878 /* wooden_sticks.h */ = {isa = PBXFileReference; lastKnownFileType = sourcecode.c.h; path = wooden_sticks.h; sourceTree = "<group>"; };
		81C2606C2255A2EF00365878 /* sort.h */ = {isa = PBXFileReference; lastKnownFileType = sourcecode.c.h; path = sort.h; sourceTree = "<group>"; };
		81E91E5122278E8200378B67 /* jugs.h */ = {isa = PBXFileReference; lastKnownFileType = sourcecode.c.h; path = jugs.h; sourceTree = "<group>"; };
		81E91E532227BA5A00378B67 /* main.h */ = {isa = PBXFileReference; lastKnownFileType = sourcecode.c.h; path = main.h; sourceTree = "<group>"; };
		81E91E542227C55800378B67 /* do_the_untwist.h */ = {isa = PBXFileReference; lastKnownFileType = sourcecode.c.h; path = do_the_untwist.h; sourceTree = "<group>"; };
		81FCA5D52243A87900C15302 /* link_list.h */ = {isa = PBXFileReference; lastKnownFileType = sourcecode.c.h; path = link_list.h; sourceTree = "<group>"; };
/* End PBXFileReference section */

/* Begin PBXFrameworksBuildPhase section */
		812BA1AF21CE1F23007BFA9A /* Frameworks */ = {
			isa = PBXFrameworksBuildPhase;
			buildActionMask = 2147483647;
			files = (
			);
			runOnlyForDeploymentPostprocessing = 0;
		};
/* End PBXFrameworksBuildPhase section */

/* Begin PBXGroup section */
		812BA1A921CE1F23007BFA9A = {
			isa = PBXGroup;
			children = (
				812BA1B421CE1F23007BFA9A /* AMCProject */,
				812BA1B321CE1F23007BFA9A /* Products */,
			);
			sourceTree = "<group>";
		};
		812BA1B321CE1F23007BFA9A /* Products */ = {
			isa = PBXGroup;
			children = (
				812BA1B221CE1F23007BFA9A /* AMCProject */,
			);
			name = Products;
			sourceTree = "<group>";
		};
		812BA1B421CE1F23007BFA9A /* AMCProject */ = {
			isa = PBXGroup;
			children = (
				81E91E532227BA5A00378B67 /* main.h */,
				8175BE132228DEDC00FB21FC /* numberical_summation.h */,
				812BA1B521CE1F23007BFA9A /* main.c */,
				818C4D0A2231289B0076E888 /* trees_made_2_order.h */,
				818C4D0E223245220076E888 /* fire_net.h */,
				8163B2F322364413006A47FA /* gridland.h */,
				81C260642254ACD700365878 /* color_me_less.h */,
				81C2606B2254C40900365878 /* wooden_sticks.h */,
				8194D73A22422F0200EF0EFC /* houseboat.h */,
				8194D73C224246D200EF0EFC /* undercut.h */,
				8194D73B22423FEC00EF0EFC /* hangover.h */,
				812BA1BC21CE1F4D007BFA9A /* a_plus_b.h */,
				815CA7C122154CDB0067D23D /* html.h */,
				8140AAEE221C0071003AE749 /* crashing_ballon.h */,
				81BEFD5422253D6100C18FF9 /* anagrams_by_stack.h */,
				81BEFD552225401200C18FF9 /* stack.h */,
				8175BE1722293C5700FB21FC /* gnome_tetravex.h */,
				81E91E5122278E8200378B67 /* jugs.h */,
				81E91E542227C55800378B67 /* do_the_untwist.h */,
				818C4D09223112DD0076E888 /* system_overload.h */,
				8194D7412243614400EF0EFC /* enigma.h */,
				81FCA5D52243A87900C15302 /* link_list.h */,
				81C2605B225481C600365878 /* test.in */,
				81C2606C2255A2EF00365878 /* sort.h */,
			);
			path = AMCProject;
			sourceTree = "<group>";
		};
/* End PBXGroup section */

/* Begin PBXNativeTarget section */
		812BA1B121CE1F23007BFA9A /* AMCProject */ = {
			isa = PBXNativeTarget;
			buildConfigurationList = 812BA1B921CE1F23007BFA9A /* Build configuration list for PBXNativeTarget "AMCProject" */;
			buildPhases = (
				812BA1AE21CE1F23007BFA9A /* Sources */,
				812BA1AF21CE1F23007BFA9A /* Frameworks */,
				812BA1B021CE1F23007BFA9A /* CopyFiles */,
			);
			buildRules = (
			);
			dependencies = (
			);
			name = AMCProject;
			productName = AMCProject;
			productReference = 812BA1B221CE1F23007BFA9A /* AMCProject */;
			productType = "com.apple.product-type.tool";
		};
/* End PBXNativeTarget section */

/* Begin PBXProject section */
		812BA1AA21CE1F23007BFA9A /* Project object */ = {
			isa = PBXProject;
			attributes = {
				LastUpgradeCheck = 1010;
				ORGANIZATIONNAME = ios;
				TargetAttributes = {
					812BA1B121CE1F23007BFA9A = {
						CreatedOnToolsVersion = 10.1;
					};
				};
			};
			buildConfigurationList = 812BA1AD21CE1F23007BFA9A /* Build configuration list for PBXProject "AMCProject" */;
			compatibilityVersion = "Xcode 9.3";
			developmentRegion = en;
			hasScannedForEncodings = 0;
			knownRegions = (
				en,
			);
			mainGroup = 812BA1A921CE1F23007BFA9A;
			productRefGroup = 812BA1B321CE1F23007BFA9A /* Products */;
			projectDirPath = "";
			projectRoot = "";
			targets = (
				812BA1B121CE1F23007BFA9A /* AMCProject */,
			);
		};
/* End PBXProject section */

/* Begin PBXSourcesBuildPhase section */
		812BA1AE21CE1F23007BFA9A /* Sources */ = {
			isa = PBXSourcesBuildPhase;
			buildActionMask = 2147483647;
			files = (
				812BA1B621CE1F23007BFA9A /* main.c in Sources */,
			);
			runOnlyForDeploymentPostprocessing = 0;
		};
/* End PBXSourcesBuildPhase section */

/* Begin XCBuildConfiguration section */
		812BA1B721CE1F23007BFA9A /* Debug */ = {
			isa = XCBuildConfiguration;
			buildSettings = {
				ALWAYS_SEARCH_USER_PATHS = NO;
				CLANG_ANALYZER_NONNULL = YES;
				CLANG_ANALYZER_NUMBER_OBJECT_CONVERSION = YES_AGGRESSIVE;
				CLANG_CXX_LANGUAGE_STANDARD = "gnu++14";
				CLANG_CXX_LIBRARY = "libc++";
				CLANG_ENABLE_MODULES = YES;
				CLANG_ENABLE_OBJC_ARC = YES;
				CLANG_ENABLE_OBJC_WEAK = YES;
				CLANG_WARN_BLOCK_CAPTURE_AUTORELEASING = YES;
				CLANG_WARN_BOOL_CONVERSION = YES;
				CLANG_WARN_COMMA = YES;
				CLANG_WARN_CONSTANT_CONVERSION = YES;
				CLANG_WARN_DEPRECATED_OBJC_IMPLEMENTATIONS = YES;
				CLANG_WARN_DIRECT_OBJC_ISA_USAGE = YES_ERROR;
				CLANG_WARN_DOCUMENTATION_COMMENTS = YES;
				CLANG_WARN_EMPTY_BODY = YES;
				CLANG_WARN_ENUM_CONVERSION = YES;
				CLANG_WARN_INFINITE_RECURSION = YES;
				CLANG_WARN_INT_CONVERSION = YES;
				CLANG_WARN_NON_LITERAL_NULL_CONVERSION = YES;
				CLANG_WARN_OBJC_IMPLICIT_RETAIN_SELF = YES;
				CLANG_WARN_OBJC_LITERAL_CONVERSION = YES;
				CLANG_WARN_OBJC_ROOT_CLASS = YES_ERROR;
				CLANG_WARN_RANGE_LOOP_ANALYSIS = YES;
				CLANG_WARN_STRICT_PROTOTYPES = YES;
				CLANG_WARN_SUSPICIOUS_MOVE = YES;
				CLANG_WARN_UNGUARDED_AVAILABILITY = YES_AGGRESSIVE;
				CLANG_WARN_UNREACHABLE_CODE = YES;
				CLANG_WARN__DUPLICATE_METHOD_MATCH = YES;
				CODE_SIGN_IDENTITY = "-";
				COPY_PHASE_STRIP = NO;
				DEBUG_INFORMATION_FORMAT = dwarf;
				ENABLE_STRICT_OBJC_MSGSEND = YES;
				ENABLE_TESTABILITY = YES;
				GCC_C_LANGUAGE_STANDARD = gnu11;
				GCC_DYNAMIC_NO_PIC = NO;
				GCC_NO_COMMON_BLOCKS = YES;
				GCC_OPTIMIZATION_LEVEL = 0;
				GCC_PREPROCESSOR_DEFINITIONS = (
					"DEBUG=1",
					"$(inherited)",
				);
				GCC_WARN_64_TO_32_BIT_CONVERSION = YES;
				GCC_WARN_ABOUT_RETURN_TYPE = YES_ERROR;
				GCC_WARN_UNDECLARED_SELECTOR = YES;
				GCC_WARN_UNINITIALIZED_AUTOS = YES_AGGRESSIVE;
				GCC_WARN_UNUSED_FUNCTION = YES;
				GCC_WARN_UNUSED_VARIABLE = YES;
				MACOSX_DEPLOYMENT_TARGET = 10.13;
				MTL_ENABLE_DEBUG_INFO = INCLUDE_SOURCE;
				MTL_FAST_MATH = YES;
				ONLY_ACTIVE_ARCH = YES;
				SDKROOT = macosx;
			};
			name = Debug;
		};
		812BA1B821CE1F23007BFA9A /* Release */ = {
			isa = XCBuildConfiguration;
			buildSettings = {
				ALWAYS_SEARCH_USER_PATHS = NO;
				CLANG_ANALYZER_NONNULL = YES;
				CLANG_ANALYZER_NUMBER_OBJECT_CONVERSION = YES_AGGRESSIVE;
				CLANG_CXX_LANGUAGE_STANDARD = "gnu++14";
				CLANG_CXX_LIBRARY = "libc++";
				CLANG_ENABLE_MODULES = YES;
				CLANG_ENABLE_OBJC_ARC = YES;
				CLANG_ENABLE_OBJC_WEAK = YES;
				CLANG_WARN_BLOCK_CAPTURE_AUTORELEASING = YES;
				CLANG_WARN_BOOL_CONVERSION = YES;
				CLANG_WARN_COMMA = YES;
				CLANG_WARN_CONSTANT_CONVERSION = YES;
				CLANG_WARN_DEPRECATED_OBJC_IMPLEMENTATIONS = YES;
				CLANG_WARN_DIRECT_OBJC_ISA_USAGE = YES_ERROR;
				CLANG_WARN_DOCUMENTATION_COMMENTS = YES;
				CLANG_WARN_EMPTY_BODY = YES;
				CLANG_WARN_ENUM_CONVERSION = YES;
				CLANG_WARN_INFINITE_RECURSION = YES;
				CLANG_WARN_INT_CONVERSION = YES;
				CLANG_WARN_NON_LITERAL_NULL_CONVERSION = YES;
				CLANG_WARN_OBJC_IMPLICIT_RETAIN_SELF = YES;
				CLANG_WARN_OBJC_LITERAL_CONVERSION = YES;
				CLANG_WARN_OBJC_ROOT_CLASS = YES_ERROR;
				CLANG_WARN_RANGE_LOOP_ANALYSIS = YES;
				CLANG_WARN_STRICT_PROTOTYPES = YES;
				CLANG_WARN_SUSPICIOUS_MOVE = YES;
				CLANG_WARN_UNGUARDED_AVAILABILITY = YES_AGGRESSIVE;
				CLANG_WARN_UNREACHABLE_CODE = YES;
				CLANG_WARN__DUPLICATE_METHOD_MATCH = YES;
				CODE_SIGN_IDENTITY = "-";
				COPY_PHASE_STRIP = NO;
				DEBUG_INFORMATION_FORMAT = "dwarf-with-dsym";
				ENABLE_NS_ASSERTIONS = NO;
				ENABLE_STRICT_OBJC_MSGSEND = YES;
				GCC_C_LANGUAGE_STANDARD = gnu11;
				GCC_NO_COMMON_BLOCKS = YES;
				GCC_WARN_64_TO_32_BIT_CONVERSION = YES;
				GCC_WARN_ABOUT_RETURN_TYPE = YES_ERROR;
				GCC_WARN_UNDECLARED_SELECTOR = YES;
				GCC_WARN_UNINITIALIZED_AUTOS = YES_AGGRESSIVE;
				GCC_WARN_UNUSED_FUNCTION = YES;
				GCC_WARN_UNUSED_VARIABLE = YES;
				MACOSX_DEPLOYMENT_TARGET = 10.13;
				MTL_ENABLE_DEBUG_INFO = NO;
				MTL_FAST_MATH = YES;
				SDKROOT = macosx;
			};
			name = Release;
		};
		812BA1BA21CE1F23007BFA9A /* Debug */ = {
			isa = XCBuildConfiguration;
			buildSettings = {
				CODE_SIGN_STYLE = Automatic;
				PRODUCT_NAME = "$(TARGET_NAME)";
			};
			name = Debug;
		};
		812BA1BB21CE1F23007BFA9A /* Release */ = {
			isa = XCBuildConfiguration;
			buildSettings = {
				CODE_SIGN_STYLE = Automatic;
				PRODUCT_NAME = "$(TARGET_NAME)";
			};
			name = Release;
		};
/* End XCBuildConfiguration section */

/* Begin XCConfigurationList section */
		812BA1AD21CE1F23007BFA9A /* Build configuration list for PBXProject "AMCProject" */ = {
			isa = XCConfigurationList;
			buildConfigurations = (
				812BA1B721CE1F23007BFA9A /* Debug */,
				812BA1B821CE1F23007BFA9A /* Release */,
			);
			defaultConfigurationIsVisible = 0;
			defaultConfigurationName = Release;
		};
		812BA1B921CE1F23007BFA9A /* Build configuration list for PBXNativeTarget "AMCProject" */ = {
			isa = XCConfigurationList;
			buildConfigurations = (
				812BA1BA21CE1F23007BFA9A /* Debug */,
				812BA1BB21CE1F23007BFA9A /* Release */,
			);
			defaultConfigurationIsVisible = 0;
			defaultConfigurationName = Release;
		};
/* End XCConfigurationList section */
	};
	rootObject = 812BA1AA21CE1F23007BFA9A /* Project object */;
}
